{
  "nodes": {
    "nixpkgs": {
      "locked": {
        "lastModified": 1687594174,
        "narHash": "sha256-TkS2eXB+9MQddCymonOJIvGvQY2QZk6WwDYmeS/70d8=",
        "owner": "NixOS",
        "repo": "nixpkgs",
        "rev": "dc5364a119f729fc69888eddb0948e5508426bfb",
        "type": "github"
      },
      "original": {
        "owner": "NixOS",
        "repo": "nixpkgs",
        "type": "github"
      }
    },
    "root": {
      "inputs": {
        "nixpkgs": "nixpkgs"
      }
    }
  },
  "root": "root",
  "version": 7
}
